// !$*UTF8*$!
{
	archiveVersion = 1;
	classes = {
	};
	objectVersion = 50;
	objects = {

/* Begin PBXBuildFile section */
		7F394BA5230431E800FB7B85 /* AppDelegate.swift in Sources */ = {isa = PBXBuildFile; fileRef = 7F394BA4230431E800FB7B85 /* AppDelegate.swift */; };
		7F394BA7230431E800FB7B85 /* ViewController.swift in Sources */ = {isa = PBXBuildFile; fileRef = 7F394BA6230431E800FB7B85 /* ViewController.swift */; };
		7F394BAA230431E800FB7B85 /* Main.storyboard in Resources */ = {isa = PBXBuildFile; fileRef = 7F394BA8230431E800FB7B85 /* Main.storyboard */; };
		7F394BAD230431E800FB7B85 /* SSGHomeWork.xcdatamodeld in Sources */ = {isa = PBXBuildFile; fileRef = 7F394BAB230431E800FB7B85 /* SSGHomeWork.xcdatamodeld */; };
		7F394BAF230431EA00FB7B85 /* Assets.xcassets in Resources */ = {isa = PBXBuildFile; fileRef = 7F394BAE230431EA00FB7B85 /* Assets.xcassets */; };
		7F394BB2230431EA00FB7B85 /* LaunchScreen.storyboard in Resources */ = {isa = PBXBuildFile; fileRef = 7F394BB0230431EA00FB7B85 /* LaunchScreen.storyboard */; };
		7F394BBE2304361F00FB7B85 /* mainTableViewCell.swift in Sources */ = {isa = PBXBuildFile; fileRef = 7F394BBC2304361F00FB7B85 /* mainTableViewCell.swift */; };
		7F394BBF2304361F00FB7B85 /* mainTableViewCell.xib in Resources */ = {isa = PBXBuildFile; fileRef = 7F394BBD2304361F00FB7B85 /* mainTableViewCell.xib */; };
		7F394BC2230436FC00FB7B85 /* ListDataModel.swift in Sources */ = {isa = PBXBuildFile; fileRef = 7F394BC1230436FC00FB7B85 /* ListDataModel.swift */; };
		7F394BCE230456F900FB7B85 /* DetailViewController.swift in Sources */ = {isa = PBXBuildFile; fileRef = 7F394BCC230456F900FB7B85 /* DetailViewController.swift */; };
		7F394BCF230456F900FB7B85 /* DetailViewController.xib in Resources */ = {isa = PBXBuildFile; fileRef = 7F394BCD230456F900FB7B85 /* DetailViewController.xib */; };
		7F394BD22304580D00FB7B85 /* DetailCollectionViewCell.swift in Sources */ = {isa = PBXBuildFile; fileRef = 7F394BD02304580D00FB7B85 /* DetailCollectionViewCell.swift */; };
		7F394BD32304580D00FB7B85 /* DetailCollectionViewCell.xib in Resources */ = {isa = PBXBuildFile; fileRef = 7F394BD12304580D00FB7B85 /* DetailCollectionViewCell.xib */; };
		7F394BD823045F2D00FB7B85 /* DetailWebViewController.swift in Sources */ = {isa = PBXBuildFile; fileRef = 7F394BD623045F2D00FB7B85 /* DetailWebViewController.swift */; };
		7F394BD923045F2D00FB7B85 /* DetailWebViewController.xib in Resources */ = {isa = PBXBuildFile; fileRef = 7F394BD723045F2D00FB7B85 /* DetailWebViewController.xib */; };
		C9FBCC4AD6C66C2DB778A3A7 /* Pods_SSGHomeWork.framework in Frameworks */ = {isa = PBXBuildFile; fileRef = F7652CA79A8200BFCA84B2DA /* Pods_SSGHomeWork.framework */; };
/* End PBXBuildFile section */

/* Begin PBXFileReference section */
		3F9BFF380774F3569F69EE70 /* Pods-SSGHomeWork.release.xcconfig */ = {isa = PBXFileReference; includeInIndex = 1; lastKnownFileType = text.xcconfig; name = "Pods-SSGHomeWork.release.xcconfig"; path = "Pods/Target Support Files/Pods-SSGHomeWork/Pods-SSGHomeWork.release.xcconfig"; sourceTree = "<group>"; };
		7F394BA1230431E800FB7B85 /* SSGHomeWork.app */ = {isa = PBXFileReference; explicitFileType = wrapper.application; includeInIndex = 0; path = SSGHomeWork.app; sourceTree = BUILT_PRODUCTS_DIR; };
		7F394BA4230431E800FB7B85 /* AppDelegate.swift */ = {isa = PBXFileReference; lastKnownFileType = sourcecode.swift; path = AppDelegate.swift; sourceTree = "<group>"; };
		7F394BA6230431E800FB7B85 /* ViewController.swift */ = {isa = PBXFileReference; lastKnownFileType = sourcecode.swift; path = ViewController.swift; sourceTree = "<group>"; };
		7F394BA9230431E800FB7B85 /* Base */ = {isa = PBXFileReference; lastKnownFileType = file.storyboard; name = Base; path = Base.lproj/Main.storyboard; sourceTree = "<group>"; };
		7F394BAC230431E800FB7B85 /* SSGHomeWork.xcdatamodel */ = {isa = PBXFileReference; lastKnownFileType = wrapper.xcdatamodel; path = SSGHomeWork.xcdatamodel; sourceTree = "<group>"; };
		7F394BAE230431EA00FB7B85 /* Assets.xcassets */ = {isa = PBXFileReference; lastKnownFileType = folder.assetcatalog; path = Assets.xcassets; sourceTree = "<group>"; };
		7F394BB1230431EA00FB7B85 /* Base */ = {isa = PBXFileReference; lastKnownFileType = file.storyboard; name = Base; path = Base.lproj/LaunchScreen.storyboard; sourceTree = "<group>"; };
		7F394BB3230431EA00FB7B85 /* Info.plist */ = {isa = PBXFileReference; lastKnownFileType = text.plist.xml; path = Info.plist; sourceTree = "<group>"; };
		7F394BBC2304361F00FB7B85 /* mainTableViewCell.swift */ = {isa = PBXFileReference; lastKnownFileType = sourcecode.swift; path = mainTableViewCell.swift; sourceTree = "<group>"; };
		7F394BBD2304361F00FB7B85 /* mainTableViewCell.xib */ = {isa = PBXFileReference; lastKnownFileType = file.xib; path = mainTableViewCell.xib; sourceTree = "<group>"; };
		7F394BC1230436FC00FB7B85 /* ListDataModel.swift */ = {isa = PBXFileReference; lastKnownFileType = sourcecode.swift; path = ListDataModel.swift; sourceTree = "<group>"; };
		7F394BCC230456F900FB7B85 /* DetailViewController.swift */ = {isa = PBXFileReference; lastKnownFileType = sourcecode.swift; path = DetailViewController.swift; sourceTree = "<group>"; };
		7F394BCD230456F900FB7B85 /* DetailViewController.xib */ = {isa = PBXFileReference; lastKnownFileType = file.xib; path = DetailViewController.xib; sourceTree = "<group>"; };
		7F394BD02304580D00FB7B85 /* DetailCollectionViewCell.swift */ = {isa = PBXFileReference; lastKnownFileType = sourcecode.swift; path = DetailCollectionViewCell.swift; sourceTree = "<group>"; };
		7F394BD12304580D00FB7B85 /* DetailCollectionViewCell.xib */ = {isa = PBXFileReference; lastKnownFileType = file.xib; path = DetailCollectionViewCell.xib; sourceTree = "<group>"; };
		7F394BD623045F2D00FB7B85 /* DetailWebViewController.swift */ = {isa = PBXFileReference; lastKnownFileType = sourcecode.swift; path = DetailWebViewController.swift; sourceTree = "<group>"; };
		7F394BD723045F2D00FB7B85 /* DetailWebViewController.xib */ = {isa = PBXFileReference; lastKnownFileType = file.xib; path = DetailWebViewController.xib; sourceTree = "<group>"; };
		A9A18C4F6667586A28E13A7E /* Pods-SSGHomeWork.debug.xcconfig */ = {isa = PBXFileReference; includeInIndex = 1; lastKnownFileType = text.xcconfig; name = "Pods-SSGHomeWork.debug.xcconfig"; path = "Pods/Target Support Files/Pods-SSGHomeWork/Pods-SSGHomeWork.debug.xcconfig"; sourceTree = "<group>"; };
		F7652CA79A8200BFCA84B2DA /* Pods_SSGHomeWork.framework */ = {isa = PBXFileReference; explicitFileType = wrapper.framework; includeInIndex = 0; path = Pods_SSGHomeWork.framework; sourceTree = BUILT_PRODUCTS_DIR; };
/* End PBXFileReference section */

/* Begin PBXFrameworksBuildPhase section */
		7F394B9E230431E800FB7B85 /* Frameworks */ = {
			isa = PBXFrameworksBuildPhase;
			buildActionMask = 2147483647;
			files = (
				C9FBCC4AD6C66C2DB778A3A7 /* Pods_SSGHomeWork.framework in Frameworks */,
			);
			runOnlyForDeploymentPostprocessing = 0;
		};
/* End PBXFrameworksBuildPhase section */

/* Begin PBXGroup section */
		7144A50B64D9E3254157DCF6 /* Frameworks */ = {
			isa = PBXGroup;
			children = (
				F7652CA79A8200BFCA84B2DA /* Pods_SSGHomeWork.framework */,
			);
			name = Frameworks;
			sourceTree = "<group>";
		};
		7687020C32FDD7C267099CED /* Pods */ = {
			isa = PBXGroup;
			children = (
				A9A18C4F6667586A28E13A7E /* Pods-SSGHomeWork.debug.xcconfig */,
				3F9BFF380774F3569F69EE70 /* Pods-SSGHomeWork.release.xcconfig */,
			);
			name = Pods;
			sourceTree = "<group>";
		};
		7F394B98230431E800FB7B85 = {
			isa = PBXGroup;
			children = (
				7F394BA3230431E800FB7B85 /* SSGHomeWork */,
				7F394BA2230431E800FB7B85 /* Products */,
				7687020C32FDD7C267099CED /* Pods */,
				7144A50B64D9E3254157DCF6 /* Frameworks */,
			);
			sourceTree = "<group>";
		};
		7F394BA2230431E800FB7B85 /* Products */ = {
			isa = PBXGroup;
			children = (
				7F394BA1230431E800FB7B85 /* SSGHomeWork.app */,
			);
			name = Products;
			sourceTree = "<group>";
		};
		7F394BA3230431E800FB7B85 /* SSGHomeWork */ = {
			isa = PBXGroup;
			children = (
				7F394BC0230436ED00FB7B85 /* Model */,
				7F394BBA230435F500FB7B85 /* Detail */,
				7F394BB9230435E100FB7B85 /* Main */,
				7F394BA4230431E800FB7B85 /* AppDelegate.swift */,
				7F394BAE230431EA00FB7B85 /* Assets.xcassets */,
				7F394BB0230431EA00FB7B85 /* LaunchScreen.storyboard */,
				7F394BB3230431EA00FB7B85 /* Info.plist */,
				7F394BAB230431E800FB7B85 /* SSGHomeWork.xcdatamodeld */,
			);
			path = SSGHomeWork;
			sourceTree = "<group>";
		};
		7F394BB9230435E100FB7B85 /* Main */ = {
			isa = PBXGroup;
			children = (
				7F394BBB230435FF00FB7B85 /* Cell */,
				7F394BA6230431E800FB7B85 /* ViewController.swift */,
				7F394BA8230431E800FB7B85 /* Main.storyboard */,
			);
			path = Main;
			sourceTree = "<group>";
		};
		7F394BBA230435F500FB7B85 /* Detail */ = {
			isa = PBXGroup;
			children = (
				7F394BD523045F1B00FB7B85 /* SubView */,
				7F394BD4230459F300FB7B85 /* Cell */,
				7F394BCC230456F900FB7B85 /* DetailViewController.swift */,
				7F394BCD230456F900FB7B85 /* DetailViewController.xib */,
			);
			path = Detail;
			sourceTree = "<group>";
		};
		7F394BBB230435FF00FB7B85 /* Cell */ = {
			isa = PBXGroup;
			children = (
				7F394BBC2304361F00FB7B85 /* mainTableViewCell.swift */,
				7F394BBD2304361F00FB7B85 /* mainTableViewCell.xib */,
			);
			path = Cell;
			sourceTree = "<group>";
		};
		7F394BC0230436ED00FB7B85 /* Model */ = {
			isa = PBXGroup;
			children = (
				7F394BC1230436FC00FB7B85 /* ListDataModel.swift */,
			);
			path = Model;
			sourceTree = "<group>";
		};
		7F394BD4230459F300FB7B85 /* Cell */ = {
			isa = PBXGroup;
			children = (
				7F394BD02304580D00FB7B85 /* DetailCollectionViewCell.swift */,
				7F394BD12304580D00FB7B85 /* DetailCollectionViewCell.xib */,
			);
			path = Cell;
			sourceTree = "<group>";
		};
		7F394BD523045F1B00FB7B85 /* SubView */ = {
			isa = PBXGroup;
			children = (
				7F394BD623045F2D00FB7B85 /* DetailWebViewController.swift */,
				7F394BD723045F2D00FB7B85 /* DetailWebViewController.xib */,
			);
			path = SubView;
			sourceTree = "<group>";
		};
/* End PBXGroup section */

/* Begin PBXNativeTarget section */
		7F394BA0230431E800FB7B85 /* SSGHomeWork */ = {
			isa = PBXNativeTarget;
			buildConfigurationList = 7F394BB6230431EA00FB7B85 /* Build configuration list for PBXNativeTarget "SSGHomeWork" */;
			buildPhases = (
				2A7220E8D3D0941A933F5DC9 /* [CP] Check Pods Manifest.lock */,
				7F394B9D230431E800FB7B85 /* Sources */,
				7F394B9E230431E800FB7B85 /* Frameworks */,
				7F394B9F230431E800FB7B85 /* Resources */,
				E0D0AA56EEC7373097B355A4 /* [CP] Embed Pods Frameworks */,
				C51B56045852CDB763DABBFE /* [CP] Copy Pods Resources */,
			);
			buildRules = (
			);
			dependencies = (
			);
			name = SSGHomeWork;
			productName = SSGHomeWork;
			productReference = 7F394BA1230431E800FB7B85 /* SSGHomeWork.app */;
			productType = "com.apple.product-type.application";
		};
/* End PBXNativeTarget section */

/* Begin PBXProject section */
		7F394B99230431E800FB7B85 /* Project object */ = {
			isa = PBXProject;
			attributes = {
				LastSwiftUpdateCheck = 0930;
				LastUpgradeCheck = 0930;
				ORGANIZATIONNAME = YoungD;
				TargetAttributes = {
					7F394BA0230431E800FB7B85 = {
						CreatedOnToolsVersion = 9.3;
					};
				};
			};
			buildConfigurationList = 7F394B9C230431E800FB7B85 /* Build configuration list for PBXProject "SSGHomeWork" */;
			compatibilityVersion = "Xcode 9.3";
			developmentRegion = en;
			hasScannedForEncodings = 0;
			knownRegions = (
				en,
				Base,
			);
			mainGroup = 7F394B98230431E800FB7B85;
			productRefGroup = 7F394BA2230431E800FB7B85 /* Products */;
			projectDirPath = "";
			projectRoot = "";
			targets = (
				7F394BA0230431E800FB7B85 /* SSGHomeWork */,
			);
		};
/* End PBXProject section */

/* Begin PBXResourcesBuildPhase section */
		7F394B9F230431E800FB7B85 /* Resources */ = {
			isa = PBXResourcesBuildPhase;
			buildActionMask = 2147483647;
			files = (
				7F394BB2230431EA00FB7B85 /* LaunchScreen.storyboard in Resources */,
				7F394BCF230456F900FB7B85 /* DetailViewController.xib in Resources */,
				7F394BAF230431EA00FB7B85 /* Assets.xcassets in Resources */,
				7F394BD32304580D00FB7B85 /* DetailCollectionViewCell.xib in Resources */,
				7F394BBF2304361F00FB7B85 /* mainTableViewCell.xib in Resources */,
				7F394BD923045F2D00FB7B85 /* DetailWebViewController.xib in Resources */,
				7F394BAA230431E800FB7B85 /* Main.storyboard in Resources */,
			);
			runOnlyForDeploymentPostprocessing = 0;
		};
/* End PBXResourcesBuildPhase section */

/* Begin PBXShellScriptBuildPhase section */
		2A7220E8D3D0941A933F5DC9 /* [CP] Check Pods Manifest.lock */ = {
			isa = PBXShellScriptBuildPhase;
			buildActionMask = 2147483647;
			files = (
			);
			inputPaths = (
				"${PODS_PODFILE_DIR_PATH}/Podfile.lock",
				"${PODS_ROOT}/Manifest.lock",
			);
			name = "[CP] Check Pods Manifest.lock";
			outputPaths = (
				"$(DERIVED_FILE_DIR)/Pods-SSGHomeWork-checkManifestLockResult.txt",
			);
			runOnlyForDeploymentPostprocessing = 0;
			shellPath = /bin/sh;
			shellScript = "diff \"${PODS_PODFILE_DIR_PATH}/Podfile.lock\" \"${PODS_ROOT}/Manifest.lock\" > /dev/null\nif [ $? != 0 ] ; then\n    # print error to STDERR\n    echo \"error: The sandbox is not in sync with the Podfile.lock. Run 'pod install' or update your CocoaPods installation.\" >&2\n    exit 1\nfi\n# This output is used by Xcode 'outputs' to avoid re-running this script phase.\necho \"SUCCESS\" > \"${SCRIPT_OUTPUT_FILE_0}\"\n";
			showEnvVarsInLog = 0;
		};
		C51B56045852CDB763DABBFE /* [CP] Copy Pods Resources */ = {
			isa = PBXShellScriptBuildPhase;
			buildActionMask = 2147483647;
			files = (
			);
			inputPaths = (
			);
			name = "[CP] Copy Pods Resources";
			outputPaths = (
			);
			runOnlyForDeploymentPostprocessing = 0;
			shellPath = /bin/sh;
			shellScript = "\"${SRCROOT}/Pods/Target Support Files/Pods-SSGHomeWork/Pods-SSGHomeWork-resources.sh\"\n";
			showEnvVarsInLog = 0;
		};
		E0D0AA56EEC7373097B355A4 /* [CP] Embed Pods Frameworks */ = {
			isa = PBXShellScriptBuildPhase;
			buildActionMask = 2147483647;
			files = (
			);
			inputPaths = (
				"${SRCROOT}/Pods/Target Support Files/Pods-SSGHomeWork/Pods-SSGHomeWork-frameworks.sh",
				"${BUILT_PRODUCTS_DIR}/Alamofire/Alamofire.framework",
			);
			name = "[CP] Embed Pods Frameworks";
			outputPaths = (
				"${TARGET_BUILD_DIR}/${FRAMEWORKS_FOLDER_PATH}/Alamofire.framework",
			);
			runOnlyForDeploymentPostprocessing = 0;
			shellPath = /bin/sh;
			shellScript = "\"${SRCROOT}/Pods/Target Support Files/Pods-SSGHomeWork/Pods-SSGHomeWork-frameworks.sh\"\n";
			showEnvVarsInLog = 0;
		};
/* End PBXShellScriptBuildPhase section */

/* Begin PBXSourcesBuildPhase section */
		7F394B9D230431E800FB7B85 /* Sources */ = {
			isa = PBXSourcesBuildPhase;
			buildActionMask = 2147483647;
			files = (
				7F394BD823045F2D00FB7B85 /* DetailWebViewController.swift in Sources */,
				7F394BD22304580D00FB7B85 /* DetailCollectionViewCell.swift in Sources */,
				7F394BA7230431E800FB7B85 /* ViewController.swift in Sources */,
				7F394BA5230431E800FB7B85 /* AppDelegate.swift in Sources */,
				7F394BBE2304361F00FB7B85 /* mainTableViewCell.swift in Sources */,
				7F394BC2230436FC00FB7B85 /* ListDataModel.swift in Sources */,
				7F394BAD230431E800FB7B85 /* SSGHomeWork.xcdatamodeld in Sources */,
				7F394BCE230456F900FB7B85 /* DetailViewController.swift in Sources */,
			);
			runOnlyForDeploymentPostprocessing = 0;
		};
/* End PBXSourcesBuildPhase section */

/* Begin PBXVariantGroup section */
		7F394BA8230431E800FB7B85 /* Main.storyboard */ = {
			isa = PBXVariantGroup;
			children = (
				7F394BA9230431E800FB7B85 /* Base */,
			);
			name = Main.storyboard;
			sourceTree = "<group>";
		};
		7F394BB0230431EA00FB7B85 /* LaunchScreen.storyboard */ = {
			isa = PBXVariantGroup;
			children = (
				7F394BB1230431EA00FB7B85 /* Base */,
			);
			name = LaunchScreen.storyboard;
			sourceTree = "<group>";
		};
/* End PBXVariantGroup section */

/* Begin XCBuildConfiguration section */
		7F394BB4230431EA00FB7B85 /* Debug */ = {
			isa = XCBuildConfiguration;
			buildSettings = {
				ALWAYS_SEARCH_USER_PATHS = NO;
				CLANG_ANALYZER_NONNULL = YES;
				CLANG_ANALYZER_NUMBER_OBJECT_CONVERSION = YES_AGGRESSIVE;
				CLANG_CXX_LANGUAGE_STANDARD = "gnu++14";
				CLANG_CXX_LIBRARY = "libc++";
				CLANG_ENABLE_MODULES = YES;
				CLANG_ENABLE_OBJC_ARC = YES;
				CLANG_ENABLE_OBJC_WEAK = YES;
				CLANG_WARN_BLOCK_CAPTURE_AUTORELEASING = YES;
				CLANG_WARN_BOOL_CONVERSION = YES;
				CLANG_WARN_COMMA = YES;
				CLANG_WARN_CONSTANT_CONVERSION = YES;
				CLANG_WARN_DEPRECATED_OBJC_IMPLEMENTATIONS = YES;
				CLANG_WARN_DIRECT_OBJC_ISA_USAGE = YES_ERROR;
				CLANG_WARN_DOCUMENTATION_COMMENTS = YES;
				CLANG_WARN_EMPTY_BODY = YES;
				CLANG_WARN_ENUM_CONVERSION = YES;
				CLANG_WARN_INFINITE_RECURSION = YES;
				CLANG_WARN_INT_CONVERSION = YES;
				CLANG_WARN_NON_LITERAL_NULL_CONVERSION = YES;
				CLANG_WARN_OBJC_IMPLICIT_RETAIN_SELF = YES;
				CLANG_WARN_OBJC_LITERAL_CONVERSION = YES;
				CLANG_WARN_OBJC_ROOT_CLASS = YES_ERROR;
				CLANG_WARN_RANGE_LOOP_ANALYSIS = YES;
				CLANG_WARN_STRICT_PROTOTYPES = YES;
				CLANG_WARN_SUSPICIOUS_MOVE = YES;
				CLANG_WARN_UNGUARDED_AVAILABILITY = YES_AGGRESSIVE;
				CLANG_WARN_UNREACHABLE_CODE = YES;
				CLANG_WARN__DUPLICATE_METHOD_MATCH = YES;
				CODE_SIGN_IDENTITY = "iPhone Developer";
				COPY_PHASE_STRIP = NO;
				DEBUG_INFORMATION_FORMAT = dwarf;
				ENABLE_STRICT_OBJC_MSGSEND = YES;
				ENABLE_TESTABILITY = YES;
				GCC_C_LANGUAGE_STANDARD = gnu11;
				GCC_DYNAMIC_NO_PIC = NO;
				GCC_NO_COMMON_BLOCKS = YES;
				GCC_OPTIMIZATION_LEVEL = 0;
				GCC_PREPROCESSOR_DEFINITIONS = (
					"DEBUG=1",
					"$(inherited)",
				);
				GCC_WARN_64_TO_32_BIT_CONVERSION = YES;
				GCC_WARN_ABOUT_RETURN_TYPE = YES_ERROR;
				GCC_WARN_UNDECLARED_SELECTOR = YES;
				GCC_WARN_UNINITIALIZED_AUTOS = YES_AGGRESSIVE;
				GCC_WARN_UNUSED_FUNCTION = YES;
				GCC_WARN_UNUSED_VARIABLE = YES;
				IPHONEOS_DEPLOYMENT_TARGET = 11.3;
				MTL_ENABLE_DEBUG_INFO = YES;
				ONLY_ACTIVE_ARCH = YES;
				SDKROOT = iphoneos;
				SWIFT_ACTIVE_COMPILATION_CONDITIONS = DEBUG;
				SWIFT_OPTIMIZATION_LEVEL = "-Onone";
			};
			name = Debug;
		};
		7F394BB5230431EA00FB7B85 /* Release */ = {
			isa = XCBuildConfiguration;
			buildSettings = {
				ALWAYS_SEARCH_USER_PATHS = NO;
				CLANG_ANALYZER_NONNULL = YES;
				CLANG_ANALYZER_NUMBER_OBJECT_CONVERSION = YES_AGGRESSIVE;
				CLANG_CXX_LANGUAGE_STANDARD = "gnu++14";
				CLANG_CXX_LIBRARY = "libc++";
				CLANG_ENABLE_MODULES = YES;
				CLANG_ENABLE_OBJC_ARC = YES;
				CLANG_ENABLE_OBJC_WEAK = YES;
				CLANG_WARN_BLOCK_CAPTURE_AUTORELEASING = YES;
				CLANG_WARN_BOOL_CONVERSION = YES;
				CLANG_WARN_COMMA = YES;
				CLANG_WARN_CONSTANT_CONVERSION = YES;
				CLANG_WARN_DEPRECATED_OBJC_IMPLEMENTATIONS = YES;
				CLANG_WARN_DIRECT_OBJC_ISA_USAGE = YES_ERROR;
				CLANG_WARN_DOCUMENTATION_COMMENTS = YES;
				CLANG_WARN_EMPTY_BODY = YES;
				CLANG_WARN_ENUM_CONVERSION = YES;
				CLANG_WARN_INFINITE_RECURSION = YES;
				CLANG_WARN_INT_CONVERSION = YES;
				CLANG_WARN_NON_LITERAL_NULL_CONVERSION = YES;
				CLANG_WARN_OBJC_IMPLICIT_RETAIN_SELF = YES;
				CLANG_WARN_OBJC_LITERAL_CONVERSION = YES;
				CLANG_WARN_OBJC_ROOT_CLASS = YES_ERROR;
				CLANG_WARN_RANGE_LOOP_ANALYSIS = YES;
				CLANG_WARN_STRICT_PROTOTYPES = YES;
				CLANG_WARN_SUSPICIOUS_MOVE = YES;
				CLANG_WARN_UNGUARDED_AVAILABILITY = YES_AGGRESSIVE;
				CLANG_WARN_UNREACHABLE_CODE = YES;
				CLANG_WARN__DUPLICATE_METHOD_MATCH = YES;
				CODE_SIGN_IDENTITY = "iPhone Developer";
				COPY_PHASE_STRIP = NO;
				DEBUG_INFORMATION_FORMAT = "dwarf-with-dsym";
				ENABLE_NS_ASSERTIONS = NO;
				ENABLE_STRICT_OBJC_MSGSEND = YES;
				GCC_C_LANGUAGE_STANDARD = gnu11;
				GCC_NO_COMMON_BLOCKS = YES;
				GCC_WARN_64_TO_32_BIT_CONVERSION = YES;
				GCC_WARN_ABOUT_RETURN_TYPE = YES_ERROR;
				GCC_WARN_UNDECLARED_SELECTOR = YES;
				GCC_WARN_UNINITIALIZED_AUTOS = YES_AGGRESSIVE;
				GCC_WARN_UNUSED_FUNCTION = YES;
				GCC_WARN_UNUSED_VARIABLE = YES;
				IPHONEOS_DEPLOYMENT_TARGET = 11.3;
				MTL_ENABLE_DEBUG_INFO = NO;
				SDKROOT = iphoneos;
				SWIFT_COMPILATION_MODE = wholemodule;
				SWIFT_OPTIMIZATION_LEVEL = "-O";
				VALIDATE_PRODUCT = YES;
			};
			name = Release;
		};
		7F394BB7230431EA00FB7B85 /* Debug */ = {
			isa = XCBuildConfiguration;
			baseConfigurationReference = A9A18C4F6667586A28E13A7E /* Pods-SSGHomeWork.debug.xcconfig */;
			buildSettings = {
				ASSETCATALOG_COMPILER_APPICON_NAME = AppIcon;
				CODE_SIGN_STYLE = Automatic;
				DEVELOPMENT_TEAM = 87EYDRPHG8;
				INFOPLIST_FILE = SSGHomeWork/Info.plist;
				LD_RUNPATH_SEARCH_PATHS = (
					"$(inherited)",
					"@executable_path/Frameworks",
				);
				PRODUCT_BUNDLE_IDENTIFIER = youngji.SSGHomeWork;
				PRODUCT_NAME = "$(TARGET_NAME)";
				SWIFT_VERSION = 4.0;
				TARGETED_DEVICE_FAMILY = "1,2";
			};
			name = Debug;
		};
		7F394BB8230431EA00FB7B85 /* Release */ = {
			isa = XCBuildConfiguration;
			baseConfigurationReference = 3F9BFF380774F3569F69EE70 /* Pods-SSGHomeWork.release.xcconfig */;
			buildSettings = {
				ASSETCATALOG_COMPILER_APPICON_NAME = AppIcon;
				CODE_SIGN_STYLE = Automatic;
				DEVELOPMENT_TEAM = 87EYDRPHG8;
				INFOPLIST_FILE = SSGHomeWork/Info.plist;
				LD_RUNPATH_SEARCH_PATHS = (
					"$(inherited)",
					"@executable_path/Frameworks",
				);
				PRODUCT_BUNDLE_IDENTIFIER = youngji.SSGHomeWork;
				PRODUCT_NAME = "$(TARGET_NAME)";
				SWIFT_VERSION = 4.0;
				TARGETED_DEVICE_FAMILY = "1,2";
			};
			name = Release;
		};
/* End XCBuildConfiguration section */

/* Begin XCConfigurationList section */
		7F394B9C230431E800FB7B85 /* Build configuration list for PBXProject "SSGHomeWork" */ = {
			isa = XCConfigurationList;
			buildConfigurations = (
				7F394BB4230431EA00FB7B85 /* Debug */,
				7F394BB5230431EA00FB7B85 /* Release */,
			);
			defaultConfigurationIsVisible = 0;
			defaultConfigurationName = Release;
		};
		7F394BB6230431EA00FB7B85 /* Build configuration list for PBXNativeTarget "SSGHomeWork" */ = {
			isa = XCConfigurationList;
			buildConfigurations = (
				7F394BB7230431EA00FB7B85 /* Debug */,
				7F394BB8230431EA00FB7B85 /* Release */,
			);
			defaultConfigurationIsVisible = 0;
			defaultConfigurationName = Release;
		};
/* End XCConfigurationList section */

/* Begin XCVersionGroup section */
		7F394BAB230431E800FB7B85 /* SSGHomeWork.xcdatamodeld */ = {
			isa = XCVersionGroup;
			children = (
				7F394BAC230431E800FB7B85 /* SSGHomeWork.xcdatamodel */,
			);
			currentVersion = 7F394BAC230431E800FB7B85 /* SSGHomeWork.xcdatamodel */;
			path = SSGHomeWork.xcdatamodeld;
			sourceTree = "<group>";
			versionGroupType = wrapper.xcdatamodel;
		};
/* End XCVersionGroup section */
	};
	rootObject = 7F394B99230431E800FB7B85 /* Project object */;
}
